Microsoft Visual Studio Solution File, Format Version 12.00
# Visual Studio Version 17
VisualStudioVersion = 17.5.2.0
MinimumVisualStudioVersion = 10.0.40219.1
Project("{2150E333-8FDC-42A3-9474-1A3956D46DE8}") = "AgentTextWebApp", "AgentTextWebApp", "{B6A91590-A806-80D5-BABF-D14BE5B1C9F8}"
EndProject
Project("{FAE04EC0-301F-11D3-BF4B-00C04F79EFBC}") = "AgentTextWebApp", "AgentTextWebApp\src\AgentTextWebApp.csproj", "{DEFF40F8-A1AB-824D-2546-12F4666E3056}"
EndProject
Global
	GlobalSection(SolutionConfigurationPlatforms) = preSolution
		Debug|Any CPU = Debug|Any CPU
		Release|Any CPU = Release|Any CPU
	EndGlobalSection
	GlobalSection(ProjectConfigurationPlatforms) = postSolution
		{DEFF40F8-A1AB-824D-2546-12F4666E3056}.Debug|Any CPU.ActiveCfg = Debug|Any CPU
		{DEFF40F8-A1AB-824D-2546-12F4666E3056}.Debug|Any CPU.Build.0 = Debug|Any CPU
		{DEFF40F8-A1AB-824D-2546-12F4666E3056}.Release|Any CPU.ActiveCfg = Release|Any CPU
		{DEFF40F8-A1AB-824D-2546-12F4666E3056}.Release|Any CPU.Build.0 = Release|Any CPU
	EndGlobalSection
	GlobalSection(SolutionProperties) = preSolution
		HideSolutionNode = FALSE
	EndGlobalSection
	GlobalSection(NestedProjects) = preSolution
		{DEFF40F8-A1AB-824D-2546-12F4666E3056} = {B6A91590-A806-80D5-BABF-D14BE5B1C9F8}
	EndGlobalSection
	GlobalSection(ExtensibilityGlobals) = postSolution
		SolutionGuid = {1B3EFEF2-4DE1-41DA-978C-40F57633B746}
	EndGlobalSection
EndGlobal
